<Solution>
  <Configurations>
    <Platform Name="Any CPU" />
    <Platform Name="x64" />
    <Platform Name="x86" />
  </Configurations>
  <Folder Name="/src/">
    <Project Path="src/PowerConsole/PowerConsole.csproj" />
    <Project Path="src/PowerConsole.Demos/PowerConsole.Demos.csproj" />
  </Folder>
</Solution>
